
Microsoft Visual Studio Solution File, Format Version 12.00
# Visual Studio 14
VisualStudioVersion = 14.0.25420.1
MinimumVisualStudioVersion = 10.0.40219.1
Project("{FAE04EC0-301F-11D3-BF4B-00C04F79EFBC}") = "LaNostraRubrica.DAL", "LaNostraRubrica.DAL\LaNostraRubrica.DAL.csproj", "{F6544BF4-E8DC-4514-B83E-19039394760E}"
EndProject
Project("{FAE04EC0-301F-11D3-BF4B-00C04F79EFBC}") = "LaNostraRubrica.Console", "LaNostraRubrica.Console\LaNostraRubrica.Console.csproj", "{252987D8-6815-4A2C-92D0-1DC0373C45B2}"
EndProject
Global
	GlobalSection(SolutionConfigurationPlatforms) = preSolution
		Debug|Any CPU = Debug|Any CPU
		Release|Any CPU = Release|Any CPU
	EndGlobalSection
	GlobalSection(ProjectConfigurationPlatforms) = postSolution
		{F6544BF4-E8DC-4514-B83E-19039394760E}.Debug|Any CPU.ActiveCfg = Debug|Any CPU
		{F6544BF4-E8DC-4514-B83E-19039394760E}.Debug|Any CPU.Build.0 = Debug|Any CPU
		{F6544BF4-E8DC-4514-B83E-19039394760E}.Release|Any CPU.ActiveCfg = Release|Any CPU
		{F6544BF4-E8DC-4514-B83E-19039394760E}.Release|Any CPU.Build.0 = Release|Any CPU
		{252987D8-6815-4A2C-92D0-1DC0373C45B2}.Debug|Any CPU.ActiveCfg = Debug|Any CPU
		{252987D8-6815-4A2C-92D0-1DC0373C45B2}.Debug|Any CPU.Build.0 = Debug|Any CPU
		{252987D8-6815-4A2C-92D0-1DC0373C45B2}.Release|Any CPU.ActiveCfg = Release|Any CPU
		{252987D8-6815-4A2C-92D0-1DC0373C45B2}.Release|Any CPU.Build.0 = Release|Any CPU
	EndGlobalSection
	GlobalSection(SolutionProperties) = preSolution
		HideSolutionNode = FALSE
	EndGlobalSection
EndGlobal
